
Microsoft Visual Studio Solution File, Format Version 12.00
# Visual Studio Version 16
VisualStudioVersion = 16.0.30114.128
MinimumVisualStudioVersion = 10.0.40219.1
Project("{9A19103F-16F7-4668-BE54-9A1E7A4F7556}") = "BlazorSchulung3.2final", "BlazorSchulung3.2final\BlazorSchulung3.2final.csproj", "{88F2B02E-31F7-483E-8F3F-98E14EE6A1F9}"
EndProject
Project("{FAE04EC0-301F-11D3-BF4B-00C04F79EFBC}") = "RazorClassLibrary2", "RazorClassLibrary2\RazorClassLibrary2.csproj", "{9BD96421-7F1D-4F3F-9488-B2B74426661C}"
EndProject
Global
	GlobalSection(SolutionConfigurationPlatforms) = preSolution
		Debug|Any CPU = Debug|Any CPU
		Release|Any CPU = Release|Any CPU
	EndGlobalSection
	GlobalSection(ProjectConfigurationPlatforms) = postSolution
		{88F2B02E-31F7-483E-8F3F-98E14EE6A1F9}.Debug|Any CPU.ActiveCfg = Debug|Any CPU
		{88F2B02E-31F7-483E-8F3F-98E14EE6A1F9}.Debug|Any CPU.Build.0 = Debug|Any CPU
		{88F2B02E-31F7-483E-8F3F-98E14EE6A1F9}.Release|Any CPU.ActiveCfg = Release|Any CPU
		{88F2B02E-31F7-483E-8F3F-98E14EE6A1F9}.Release|Any CPU.Build.0 = Release|Any CPU
		{9BD96421-7F1D-4F3F-9488-B2B74426661C}.Debug|Any CPU.ActiveCfg = Debug|Any CPU
		{9BD96421-7F1D-4F3F-9488-B2B74426661C}.Debug|Any CPU.Build.0 = Debug|Any CPU
		{9BD96421-7F1D-4F3F-9488-B2B74426661C}.Release|Any CPU.ActiveCfg = Release|Any CPU
		{9BD96421-7F1D-4F3F-9488-B2B74426661C}.Release|Any CPU.Build.0 = Release|Any CPU
	EndGlobalSection
	GlobalSection(SolutionProperties) = preSolution
		HideSolutionNode = FALSE
	EndGlobalSection
	GlobalSection(ExtensibilityGlobals) = postSolution
		SolutionGuid = {A4DEF3FE-2DFA-4739-957F-7B8004540BB4}
	EndGlobalSection
EndGlobal
